
Microsoft Visual Studio Solution File, Format Version 12.00
# Visual Studio Version 17
VisualStudioVersion = 17.2.32526.322
MinimumVisualStudioVersion = 10.0.40219.1
Project("{FAE04EC0-301F-11D3-BF4B-00C04F79EFBC}") = "TodoApi", "TodoApi\TodoApi.csproj", "{C684F6E6-CBB9-4A98-AC50-FC4EC9784C9B}"
EndProject
Global
	GlobalSection(SolutionConfigurationPlatforms) = preSolution
		Debug|Any CPU = Debug|Any CPU
		Release|Any CPU = Release|Any CPU
	EndGlobalSection
	GlobalSection(ProjectConfigurationPlatforms) = postSolution
		{C684F6E6-CBB9-4A98-AC50-FC4EC9784C9B}.Debug|Any CPU.ActiveCfg = Debug|Any CPU
		{C684F6E6-CBB9-4A98-AC50-FC4EC9784C9B}.Debug|Any CPU.Build.0 = Debug|Any CPU
		{C684F6E6-CBB9-4A98-AC50-FC4EC9784C9B}.Release|Any CPU.ActiveCfg = Release|Any CPU
		{C684F6E6-CBB9-4A98-AC50-FC4EC9784C9B}.Release|Any CPU.Build.0 = Release|Any CPU
	EndGlobalSection
	GlobalSection(SolutionProperties) = preSolution
		HideSolutionNode = FALSE
	EndGlobalSection
	GlobalSection(ExtensibilityGlobals) = postSolution
		SolutionGuid = {BC05E0E5-02CE-4D17-AD87-702920FDE52D}
	EndGlobalSection
EndGlobal
